{
    "_meta": {
        "hash": {
            "sha256": "584853c5e4b45e6424ea6b5cc27cb6d0e4936701e89b8a00e18892ce420c3064"
        },
        "pipfile-spec": 6,
        "requires": {
            "python_version": "2.7"
        },
        "sources": [
            {
                "name": "pypi",
                "url": "https://pypi.org/simple",
                "verify_ssl": true
            }
        ]
    },
    "default": {
        "crispy-semantic-ui": {
            "hashes": [
                "sha256:30f4ddeab0e3b5d0af6fd09c74a6a2f0021a7255d78042cefad68984d63040d7"
            ],
            "index": "pypi",
            "version": "==1.0.2"
        },
        "django": {
            "hashes": [
                "sha256:29268cc47816a44f27308e60f71da635f549c47d8a1d003b28de55141df75791",
                "sha256:37f5876c1fbfd66085001f4c06fa0bf96ef05442c53daf8d4294b6f29e7fa6b8"
            ],
            "index": "pypi",
            "version": "==1.11.16"
        },
        "django-choices": {
            "hashes": [
                "sha256:14e086ad7b17fa700afdef520bc11be85793a9da586e41691eee4e4c0a9c890f",
                "sha256:9505b54150fd523fd63e009fa32c626b63c007f65feb7ae4b10578b6acade9fa"
            ],
            "index": "pypi",
            "version": "==1.6.1"
        },
        "django-crispy-forms": {
            "hashes": [
                "sha256:5952bab971110d0b86c278132dae0aa095beee8f723e625c3d3fa28888f1675f",
                "sha256:705ededc554ad8736157c666681165fe22ead2dec0d5446d65fc9dd976a5a876"
            ],
            "index": "pypi",
            "version": "==1.7.2"
        },
        "django-environ": {
            "hashes": [
                "sha256:6c9d87660142608f63ec7d5ce5564c49b603ea8ff25da595fd6098f6dc82afde",
                "sha256:c57b3c11ec1f319d9474e3e5a79134f40174b17c7cc024bbb2fad84646b120c4"
            ],
            "index": "pypi",
            "version": "==0.4.5"
        },
        "django-registration-redux": {
            "hashes": [
                "sha256:ff5c8b74784acbf8ded24a6aa04607046f34e92659f278c4e143bc6a454361d1"
            ],
            "index": "pypi",
            "version": "==2.5"
        },
        "django-sfp": {
            "hashes": [
                "sha256:9e77f9cee3c2dd1e61e16c1d722622c55cdd08fb312770e9ce1bafe54075792f"
            ],
            "index": "pypi",
            "version": "==0.6"
        },
        "pytz": {
            "hashes": [
                "sha256:31cb35c89bd7d333cd32c5f278fca91b523b0834369e757f4c5641ea252236ca",
                "sha256:8e0f8568c118d3077b46be7d654cc8167fa916092e28320cde048e54bfc9f1e6"
            ],
            "version": "==2018.7"
        }
    },
    "develop": {}
}
