{
    "_meta": {
        "hash": {
            "sha256": "89dad288c4070654e8366773e7ed2f59bd68abd779ae3997403d621a13a1aa73"
        },
        "pipfile-spec": 6,
        "requires": {
            "python_version": "2.7"
        },
        "sources": [
            {
                "name": "pypi",
                "url": "https://pypi.org/simple",
                "verify_ssl": true
            }
        ]
    },
    "default": {
        "crispy-semantic-ui": {
            "hashes": [
                "sha256:30f4ddeab0e3b5d0af6fd09c74a6a2f0021a7255d78042cefad68984d63040d7"
            ],
            "index": "pypi",
            "version": "==1.0.2"
        },
        "django": {
            "hashes": [
                "sha256:29268cc47816a44f27308e60f71da635f549c47d8a1d003b28de55141df75791",
                "sha256:37f5876c1fbfd66085001f4c06fa0bf96ef05442c53daf8d4294b6f29e7fa6b8"
            ],
            "index": "pypi",
            "version": "==1.11.16"
        },
        "django-crispy-forms": {
            "hashes": [
                "sha256:5952bab971110d0b86c278132dae0aa095beee8f723e625c3d3fa28888f1675f",
                "sha256:705ededc554ad8736157c666681165fe22ead2dec0d5446d65fc9dd976a5a876"
            ],
            "index": "pypi",
            "version": "==1.7.2"
        },
        "django-environ": {
            "hashes": [
                "sha256:6c9d87660142608f63ec7d5ce5564c49b603ea8ff25da595fd6098f6dc82afde",
                "sha256:c57b3c11ec1f319d9474e3e5a79134f40174b17c7cc024bbb2fad84646b120c4"
            ],
            "index": "pypi",
            "version": "==0.4.5"
        },
        "django-registration-redux": {
            "hashes": [
                "sha256:3201ae4ebd7caa5edb62a2df64e25300fef5752594b6361cc0ad3835cef88048"
            ],
            "index": "pypi",
            "version": "==2.4"
        },
        "django-sfp": {
            "hashes": [
                "sha256:9e77f9cee3c2dd1e61e16c1d722622c55cdd08fb312770e9ce1bafe54075792f"
            ],
            "index": "pypi",
            "version": "==0.6"
        },
        "pytz": {
            "hashes": [
                "sha256:a061aa0a9e06881eb8b3b2b43f05b9439d6583c206d0a6c340ff72a7b6669053",
                "sha256:ffb9ef1de172603304d9d2819af6f5ece76f2e85ec10692a524dd876e72bf277"
            ],
            "version": "==2018.5"
        }
    },
    "develop": {}
}
